Warning: truncated output (original token count: 36320)
Total output lines: 4128

{
  "name": "studyflow-ai",
  "version": "1.0.0",
  "lockfileVersion": 3,
  "requires": true,
  "packages": {
    "": {
      "name": "studyflow-ai",
      "version": "1.0.0",
      "dependen…36220 tokens truncated…YnfEAx5NkunCfnDlvuBSSFS02bcXu4Lmea0AFIUwbLWxWPx3d9p8S5QoaujKcNQxcQ==",
      "license": "MIT",
      "funding": {
        "url": "https://github.com/sponsors/colinhacks"
      }
    }
  }
}

